
Microsoft Visual Studio Solution File, Format Version 12.00
# Visual Studio 15
VisualStudioVersion = 15.0.28307.902
MinimumVisualStudioVersion = 10.0.40219.1
Project("{FAE04EC0-301F-11D3-BF4B-00C04F79EFBC}") = "DashZonaCriativa", "DashZonaCriativa\DashZonaCriativa.csproj", "{FDF7E2F7-1D78-4C27-B6A8-65F85D594244}"
EndProject
Global
	GlobalSection(SolutionConfigurationPlatforms) = preSolution
		Debug|Any CPU = Debug|Any CPU
		Release|Any CPU = Release|Any CPU
	EndGlobalSection
	GlobalSection(ProjectConfigurationPlatforms) = postSolution
		{FDF7E2F7-1D78-4C27-B6A8-65F85D594244}.Debug|Any CPU.ActiveCfg = Debug|Any CPU
		{FDF7E2F7-1D78-4C27-B6A8-65F85D594244}.Debug|Any CPU.Build.0 = Debug|Any CPU
		{FDF7E2F7-1D78-4C27-B6A8-65F85D594244}.Release|Any CPU.ActiveCfg = Release|Any CPU
		{FDF7E2F7-1D78-4C27-B6A8-65F85D594244}.Release|Any CPU.Build.0 = Release|Any CPU
	EndGlobalSection
	GlobalSection(SolutionProperties) = preSolution
		HideSolutionNode = FALSE
	EndGlobalSection
	GlobalSection(ExtensibilityGlobals) = postSolution
		SolutionGuid = {4516E7EB-652E-4E71-9B15-6618093ADF06}
	EndGlobalSection
EndGlobal
